// !$*UTF8*$!
{
	archiveVersion = 1;
	classes = {
	};
	objectVersion = 46;
	objects = {

/* Begin PBXBuildFile section */
		2F5989CC187DCC230092AB1B /* SimulatorConfig.cpp in Sources */ = {isa = PBXBuildFile; fileRef = 2F5989CA187DCC230092AB1B /* SimulatorConfig.cpp */; };
		2F598A1E187DCD120092AB1B /* CopyConnection.framework in Frameworks */ = {isa = PBXBuildFile; fileRef = 2F5989CF187DCD120092AB1B /* CopyConnection.framework */; };
		2F598A2E187DCD120092AB1B /* QQConnection.framework in Frameworks */ = {isa = PBXBuildFile; fileRef = 2F5989DF187DCD120092AB1B /* QQConnection.framework */; };
		2F598A2F187DCD120092AB1B /* QZoneConnection.framework in Frameworks */ = {isa = PBXBuildFile; fileRef = 2F5989E0187DCD120092AB1B /* QZoneConnection.framework */; };
		2F598A30187DCD120092AB1B /* RenRenConnection.framework in Frameworks */ = {isa = PBXBuildFile; fileRef = 2F5989E1187DCD120092AB1B /* RenRenConnection.framework */; };
		2F598A31187DCD120092AB1B /* SinaWeiboConnection.framework in Frameworks */ = {isa = PBXBuildFile; fileRef = 2F5989E2187DCD120092AB1B /* SinaWeiboConnection.framework */; };
		2F598A36187DCD120092AB1B /* TencentWeiboConnection.framework in Frameworks */ = {isa = PBXBuildFile; fileRef = 2F5989E7187DCD120092AB1B /* TencentWeiboConnection.framework */; };
		2F598A3A187DCD120092AB1B /* WeChatConnection.framework in Frameworks */ = {isa = PBXBuildFile; fileRef = 2F5989EB187DCD120092AB1B /* WeChatConnection.framework */; };
		2F598A3D187DCD120092AB1B /* AGCommon.framework in Frameworks */ = {isa = PBXBuildFile; fileRef = 2F5989EF187DCD120092AB1B /* AGCommon.framework */; };
		2F598A3E187DCD130092AB1B /* ShareSDKLocalizable.strings in Resources */ = {isa = PBXBuildFile; fileRef = 2F5989F0187DCD120092AB1B /* ShareSDKLocalizable.strings */; };
		2F598A3F187DCD130092AB1B /* Resource.bundle in Resources */ = {isa = PBXBuildFile; fileRef = 2F5989F2187DCD120092AB1B /* Resource.bundle */; };
		2F598A40187DCD130092AB1B /* ShareSDKCoreService.framework in Frameworks */ = {isa = PBXBuildFile; fileRef = 2F5989F3187DCD120092AB1B /* ShareSDKCoreService.framework */; };
		2F598A46187DCD130092AB1B /* TencentOpenAPI.framework in Frameworks */ = {isa = PBXBuildFile; fileRef = 2F5989FF187DCD120092AB1B /* TencentOpenAPI.framework */; };
		2F598A47187DCD130092AB1B /* TencentOpenApi_IOS_Bundle.bundle in Resources */ = {isa = PBXBuildFile; fileRef = 2F598A00187DCD120092AB1B /* TencentOpenApi_IOS_Bundle.bundle */; };
		2F598A48187DCD130092AB1B /* RennSDK.bundle in Resources */ = {isa = PBXBuildFile; fileRef = 2F598A02187DCD120092AB1B /* RennSDK.bundle */; };
		2F598A49187DCD130092AB1B /* RennSDK.framework in Frameworks */ = {isa = PBXBuildFile; fileRef = 2F598A03187DCD120092AB1B /* RennSDK.framework */; };
		2F598A4A187DCD130092AB1B /* libSinaWeiboSDK.a in Frameworks */ = {isa = PBXBuildFile; fileRef = 2F598A05187DCD120092AB1B /* libSinaWeiboSDK.a */; };
		2F598A4B187DCD130092AB1B /* WeiboSDK.bundle in Resources */ = {isa = PBXBuildFile; fileRef = 2F598A06187DCD120092AB1B /* WeiboSDK.bundle */; };
		2F598A4C187DCD130092AB1B /* libTCWeiboSDK.a in Frameworks */ = {isa = PBXBuildFile; fileRef = 2F598A09187DCD120092AB1B /* libTCWeiboSDK.a */; };
		2F598A4D187DCD130092AB1B /* libWeChatSDK.a in Frameworks */ = {isa = PBXBuildFile; fileRef = 2F598A0C187DCD120092AB1B /* libWeChatSDK.a */; };
		2F598A4F187DCD130092AB1B /* ShareSDK.framework in Frameworks */ = {isa = PBXBuildFile; fileRef = 2F598A13187DCD120092AB1B /* ShareSDK.framework */; };
		2F598A50187DCD130092AB1B /* ShareSDKiPadDefaultShareViewUI.bundle in Resources */ = {isa = PBXBuildFile; fileRef = 2F598A15187DCD120092AB1B /* ShareSDKiPadDefaultShareViewUI.bundle */; };
		2F598A51187DCD130092AB1B /* ShareSDKiPadDefaultShareViewUI.framework in Frameworks */ = {isa = PBXBuildFile; fileRef = 2F598A16187DCD120092AB1B /* ShareSDKiPadDefaultShareViewUI.framework */; };
		2F598A52187DCD130092AB1B /* ShareSDKiPadSimpleShareViewUI.bundle in Resources */ = {isa = PBXBuildFile; fileRef = 2F598A17187DCD120092AB1B /* ShareSDKiPadSimpleShareViewUI.bundle */; };
		2F598A53187DCD130092AB1B /* ShareSDKiPadSimpleShareViewUI.framework in Frameworks */ = {isa = PBXBuildFile; fileRef = 2F598A18187DCD120092AB1B /* ShareSDKiPadSimpleShareViewUI.framework */; };
		2F598A54187DCD130092AB1B /* ShareSDKiPhoneAppRecommendShareViewUI.framework in Frameworks */ = {isa = PBXBuildFile; fileRef = 2F598A19187DCD120092AB1B /* ShareSDKiPhoneAppRecommendShareViewUI.framework */; };
		2F598A55187DCD130092AB1B /* ShareSDKiPhoneDefaultShareViewUI.bundle in Resources */ = {isa = PBXBuildFile; fileRef = 2F598A1A187DCD120092AB1B /* ShareSDKiPhoneDefaultShareViewUI.bundle */; };
		2F598A56187DCD130092AB1B /* ShareSDKiPhoneDefaultShareViewUI.framework in Frameworks */ = {isa = PBXBuildFile; fileRef = 2F598A1B187DCD120092AB1B /* ShareSDKiPhoneDefaultShareViewUI.framework */; };
		2F598A57187DCD130092AB1B /* ShareSDKiPhoneSimpleShareViewUI.bundle in Resources */ = {isa = PBXBuildFile; fileRef = 2F598A1C187DCD120092AB1B /* ShareSDKiPhoneSimpleShareViewUI.bundle */; };
		2F598A58187DCD130092AB1B /* ShareSDKiPhoneSimpleShareViewUI.framework in Frameworks */ = {isa = PBXBuildFile; fileRef = 2F598A1D187DCD120092AB1B /* ShareSDKiPhoneSimpleShareViewUI.framework */; };
		2F598A59187DCD860092AB1B /* Security.framework in Frameworks */ = {isa = PBXBuildFile; fileRef = F456F10615EE0D3500FCF3E2 /* Security.framework */; };
		2F598A5B187DCD970092AB1B /* MessageUI.framework in Frameworks */ = {isa = PBXBuildFile; fileRef = 2F598A5A187DCD970092AB1B /* MessageUI.framework */; };
		2FB9C7C1187005F8002F2AD3 /* libicucore.dylib in Frameworks */ = {isa = PBXBuildFile; fileRef = 2FB9C7C0187005F8002F2AD3 /* libicucore.dylib */; };
		2FB9C7C31870062A002F2AD3 /* libz.1.2.5.dylib in Frameworks */ = {isa = PBXBuildFile; fileRef = 2FB9C7C21870062A002F2AD3 /* libz.1.2.5.dylib */; };
		2FB9C7C9187017A0002F2AD3 /* SnsShareCenter.mm in Sources */ = {isa = PBXBuildFile; fileRef = 2FB9C7C8187017A0002F2AD3 /* SnsShareCenter.mm */; };
		2FEF3AD818823E24000B34B5 /* libsqlite3.dylib in Frameworks */ = {isa = PBXBuildFile; fileRef = 2FEF3AD718823E24000B34B5 /* libsqlite3.dylib */; };
		F4323CF716D3298E0072B773 /* libquickcocos2dx.a in Frameworks */ = {isa = PBXBuildFile; fileRef = F48F590816D21F8C000651BE /* libquickcocos2dx.a */; };
		F4482F2116A0555000FDDDAD /* Default-568h@2x.png in Resources */ = {isa = PBXBuildFile; fileRef = F4482F1A16A0555000FDDDAD /* Default-568h@2x.png */; };
		F4482F2216A0555000FDDDAD /* Default.png in Resources */ = {isa = PBXBuildFile; fileRef = F4482F1B16A0555000FDDDAD /* Default.png */; };
		F4482F2316A0555000FDDDAD /* Default@2x.png in Resources */ = {isa = PBXBuildFile; fileRef = F4482F1C16A0555000FDDDAD /* Default@2x.png */; };
		F4482F2416A0555000FDDDAD /* Icon-72.png in Resources */ = {isa = PBXBuildFile; fileRef = F4482F1D16A0555000FDDDAD /* Icon-72.png */; };
		F4482F2516A0555000FDDDAD /* Icon.png in Resources */ = {isa = PBXBuildFile; fileRef = F4482F1E16A0555000FDDDAD /* Icon.png */; };
		F4482F2616A0555000FDDDAD /* Icon@2x.png in Resources */ = {isa = PBXBuildFile; fileRef = F4482F1F16A0555000FDDDAD /* Icon@2x.png */; };
		F452BFC51687EEF900DC5BCC /* CoreText.framework in Frameworks */ = {isa = PBXBuildFile; fileRef = F452BFC41687EEF900DC5BCC /* CoreText.framework */; };
		F452BFD01687F0F200DC5BCC /* UIKit.framework in Frameworks */ = {isa = PBXBuildFile; fileRef = F452BFCF1687F0F200DC5BCC /* UIKit.framework */; };
		F456ECC615EE018E00FCF3E2 /* QuartzCore.framework in Frameworks */ = {isa = PBXBuildFile; fileRef = F456ECC515EE018E00FCF3E2 /* QuartzCore.framework */; };
		F456ECC815EE018E00FCF3E2 /* OpenGLES.framework in Frameworks */ = {isa = PBXBuildFile; fileRef = F456ECC715EE018E00FCF3E2 /* OpenGLES.framework */; };
		F456ECCA15EE018E00FCF3E2 /* OpenAL.framework in Frameworks */ = {isa = PBXBuildFile; fileRef = F456ECC915EE018E00FCF3E2 /* OpenAL.framework */; };
		F456ECCC15EE018E00FCF3E2 /* AudioToolbox.framework in Frameworks */ = {isa = PBXBuildFile; fileRef = F456ECCB15EE018E00FCF3E2 /* AudioToolbox.framework */; };
		F456ECCE15EE018E00FCF3E2 /* AVFoundation.framework in Frameworks */ = {isa = PBXBuildFile; fileRef = F456ECCD15EE018E00FCF3E2 /* AVFoundation.framework */; };
		F456ECD215EE018E00FCF3E2 /* Foundation.framework in Frameworks */ = {isa = PBXBuildFile; fileRef = F456ECD115EE018E00FCF3E2 /* Foundation.framework */; };
		F456ECD415EE018E00FCF3E2 /* CoreGraphics.framework in Frameworks */ = {isa = PBXBuildFile; fileRef = F456ECD315EE018E00FCF3E2 /* CoreGraphics.framework */; };
		F456F0F915EE0CDB00FCF3E2 /* CFNetwork.framework in Frameworks */ = {isa = PBXBuildFile; fileRef = F456F0F815EE0CDB00FCF3E2 /* CFNetwork.framework */; };
		F456F0FD15EE0CF600FCF3E2 /* SystemConfiguration.framework in Frameworks */ = {isa = PBXBuildFile; fileRef = F456F0FC15EE0CF600FCF3E2 /* SystemConfiguration.framework */; };
		F456F10515EE0D2D00FCF3E2 /* MobileCoreServices.framework in Frameworks */ = {isa = PBXBuildFile; fileRef = F456F10415EE0D2D00FCF3E2 /* MobileCoreServices.framework */; };
		F4730C1E16C1509700280298 /* res in Resources */ = {isa = PBXBuildFile; fileRef = F4730C1C16C1509700280298 /* res */; };
		F4730C1F16C1509700280298 /* scripts in Resources */ = {isa = PBXBuildFile; fileRef = F4730C1D16C1509700280298 /* scripts */; };
		F4949C791699553B00DB561E /* AddressBook.framework in Frameworks */ = {isa = PBXBuildFile; fileRef = F4949C781699553B00DB561E /* AddressBook.framework */; };
		F4949C7B1699554600DB561E /* CoreTelephony.framework in Frameworks */ = {isa = PBXBuildFile; fileRef = F4949C7A1699554600DB561E /* CoreTelephony.framework */; settings = {ATTRIBUTES = (Weak, ); }; };
		F4D26BCC16C7D0D2004442B6 /* AppController.mm in Sources */ = {isa = PBXBuildFile; fileRef = F4D26BC816C7D0D2004442B6 /* AppController.mm */; };
		F4D26BCD16C7D0D2004442B6 /* main.m in Sources */ = {isa = PBXBuildFile; fileRef = F4D26BC916C7D0D2004442B6 /* main.m */; };
		F4D26BCE16C7D0D2004442B6 /* RootViewController.mm in Sources */ = {isa = PBXBuildFile; fileRef = F4D26BCB16C7D0D2004442B6 /* RootViewController.mm */; };
		F4E50FE516CF7B6500AA7E90 /* AppDelegate.cpp in Sources */ = {isa = PBXBuildFile; fileRef = F4E50FE316CF7B6500AA7E90 /* AppDelegate.cpp */; };
		F4F40D1B16573CE0007937AD /* StoreKit.framework in Frameworks */ = {isa = PBXBuildFile; fileRef = F4F40D1A16573CE0007937AD /* StoreKit.framework */; };
/* End PBXBuildFile section */

/* Begin PBXContainerItemProxy section */
		F48F590716D21F8C000651BE /* PBXContainerItemProxy */ = {
			isa = PBXContainerItemProxy;
			containerPortal = F4499C7116C7CDE20059FF37 /* quickcocos2dx.xcodeproj */;
			proxyType = 2;
			remoteGlobalIDString = F45A2B9D166B07B600760194;
			remoteInfo = quickcocos2dx;
		};
/* End PBXContainerItemProxy section */

/* Begin PBXFileReference section */
		2F5989CA187DCC230092AB1B /* SimulatorConfig.cpp */ = {isa = PBXFileReference; fileEncoding = 4; lastKnownFileType = sourcecode.cpp.cpp; path = SimulatorConfig.cpp; sourceTree = "<group>"; };
		2F5989CB187DCC230092AB1B /* SimulatorConfig.h */ = {isa = PBXFileReference; fileEncoding = 4; lastKnownFileType = sourcecode.c.h; path = SimulatorConfig.h; sourceTree = "<group>"; };
		2F5989CF187DCD120092AB1B /* CopyConnection.framework */ = {isa = PBXFileReference; lastKnownFileType = wrapper.framework; path = CopyConnection.framework; sourceTree = "<group>"; };
		2F5989DF187DCD120092AB1B /* QQConnection.framework */ = {isa = PBXFileReference; lastKnownFileType = wrapper.framework; path = QQConnection.framework; sourceTree = "<group>"; };
		2F5989E0187DCD120092AB1B /* QZoneConnection.framework */ = {isa = PBXFileReference; lastKnownFileType = wrapper.framework; path = QZoneConnection.framework; sourceTree = "<group>"; };
		2F5989E1187DCD120092AB1B /* RenRenConnection.framework */ = {isa = PBXFileReference; lastKnownFileType = wrapper.framework; path = RenRenConnection.framework; sourceTree = "<group>"; };
		2F5989E2187DCD120092AB1B /* SinaWeiboConnection.framework */ = {isa = PBXFileReference; lastKnownFileType = wrapper.framework; path = SinaWeiboConnection.framework; sourceTree = "<group>"; };
		2F5989E7187DCD120092AB1B /* TencentWeiboConnection.framework */ = {isa = PBXFileReference; lastKnownFileType = wrapper.framework; path = TencentWeiboConnection.framework; sourceTree = "<group>"; };
		2F5989EB187DCD120092AB1B /* WeChatConnection.framework */ = {isa = PBXFileReference; lastKnownFileType = wrapper.framework; path = WeChatConnection.framework; sourceTree = "<group>"; };
		2F5989EF187DCD120092AB1B /* AGCommon.framework */ = {isa = PBXFileReference; lastKnownFileType = wrapper.framework; path = AGCommon.framework; sourceTree = "<group>"; };
		2F5989F1187DCD120092AB1B /* en */ = {isa = PBXFileReference; lastKnownFileType = text.plist.strings; name = en; path = en.lproj/ShareSDKLocalizable.strings; sourceTree = "<group>"; };
		2F5989F2187DCD120092AB1B /* Resource.bundle */ = {isa = PBXFileReference; lastKnownFileType = "wrapper.plug-in"; path = Resource.bundle; sourceTree = "<group>"; };
		2F5989F3187DCD120092AB1B /* ShareSDKCoreService.framework */ = {isa = PBXFileReference; lastKnownFileType = wrapper.framework; path = ShareSDKCoreService.framework; sourceTree = "<group>"; };
		2F5989F4187DCD120092AB1B /* zh-Hans */ = {isa = PBXFileReference; lastKnownFileType = text.plist.strings; name = "zh-Hans"; path = "zh-Hans.lproj/ShareSDKLocalizable.strings"; sourceTree = "<group>"; };
		2F5989FF187DCD120092AB1B /* TencentOpenAPI.framework */ = {isa = PBXFileReference; lastKnownFileType = wrapper.framework; path = TencentOpenAPI.framework; sourceTree = "<group>"; };
		2F598A00187DCD120092AB1B /* TencentOpenApi_IOS_Bundle.bundle */ = {isa = PBXFileReference; lastKnownFileType = "wrapper.plug-in"; path = TencentOpenApi_IOS_Bundle.bundle; sourceTree = "<group>"; };
		2F598A02187DCD120092AB1B /* RennSDK.bundle */ = {isa = PBXFileReference; lastKnownFileType = "wrapper.plug-in"; path = RennSDK.bundle; sourceTree = "<group>"; };
		2F598A03187DCD120092AB1B /* RennSDK.framework */ = {isa = PBXFileReference; lastKnownFileType = wrapper.framework; path = RennSDK.framework; sourceTree = "<group>"; };
		2F598A05187DCD120092AB1B /* libSinaWeiboSDK.a */ = {isa = PBXFileReference; lastKnownFileType = archive.ar; path = libSinaWeiboSDK.a; sourceTree = "<group>"; };
		2F598A06187DCD120092AB1B /* WeiboSDK.bundle */ = {isa = PBXFileReference; lastKnownFileType = "wrapper.plug-in"; path = WeiboSDK.bundle; sourceTree = "<group>"; };
		2F598A07187DCD120092AB1B /* WeiboSDK.h */ = {isa = PBXFileReference; fileEncoding = 4; lastKnownFileType = sourcecode.c.h; path = WeiboSDK.h; sourceTree = "<group>"; };
		2F598A09187DCD120092AB1B /* libTCWeiboSDK.a */ = {isa = PBXFileReference; lastKnownFileType = archive.ar; path = libTCWeiboSDK.a; sourceTree = "<group>"; };
		2F598A0A187DCD120092AB1B /* WeiboApi.h */ = {isa = PBXFileReference; fileEncoding = 4; lastKnownFileType = sourcecode.c.h; path = WeiboApi.h; sourceTree = "<group>"; };
		2F598A0C187DCD120092AB1B /* libWeChatSDK.a */ = {isa = PBXFileReference; lastKnownFileType = archive.ar; path = libWeChatSDK.a; sourceTree = "<group>"; };
		2F598A0D187DCD120092AB1B /* WXApi.h */ = {isa = PBXFileReference; fileEncoding = 4; lastKnownFileType = sourcecode.c.h; path = WXApi.h; sourceTree = "<group>"; };
		2F598A0E187DCD120092AB1B /* WXApiObject.h */ = {isa = PBXFileReference; fileEncoding = 4; lastKnownFileType = sourcecode.c.h; path = WXApiObject.h; sourceTree = "<group>"; };
		2F598A13187DCD120092AB1B /* ShareSDK.framework */ = {isa = PBXFileReference; lastKnownFileType = wrapper.framework; path = ShareSDK.framework; sourceTree = "<group>"; };
		2F598A15187DCD120092AB1B /* ShareSDKiPadDefaultShareViewUI.bundle */ = {isa = PBXFileReference; lastKnownFileType = "wrapper.plug-in"; path = ShareSDKiPadDefaultShareViewUI.bundle; sourceTree = "<group>"; };
		2F598A16187DCD120092AB1B /* ShareSDKiPadDefaultShareViewUI.framework */ = {isa = PBXFileReference; lastKnownFileType = wrapper.framework; path = ShareSDKiPadDefaultShareViewUI.framework; sourceTree = "<group>"; };
		2F598A17187DCD120092AB1B /* ShareSDKiPadSimpleShareViewUI.bundle */ = {isa = PBXFileReference; lastKnownFileType = "wrapper.plug-in"; path = ShareSDKiPadSimpleShareViewUI.bundle; sourceTree = "<group>"; };
		2F598A18187DCD120092AB1B /* ShareSDKiPadSimpleShareViewUI.framework */ = {isa = PBXFileReference; lastKnownFileType = wrapper.framework; path = ShareSDKiPadSimpleShareViewUI.framework; sourceTree = "<group>"; };
		2F598A19187DCD120092AB1B /* ShareSDKiPhoneAppRecommendShareViewUI.framework */ = {isa = PBXFileReference; lastKnownFileType = wrapper.framework; path = ShareSDKiPhoneAppRecommendShareViewUI.framework; sourceTree = "<group>"; };
		2F598A1A187DCD120092AB1B /* ShareSDKiPhoneDefaultShareViewUI.bundle */ = {isa = PBXFileReference; lastKnownFileType = "wrapper.plug-in"; path = ShareSDKiPhoneDefaultShareViewUI.bundle; sourceTree = "<group>"; };
		2F598A1B187DCD120092AB1B /* ShareSDKiPhoneDefaultShareViewUI.framework */ = {isa = PBXFileReference; lastKnownFileType = wrapper.framework; path = ShareSDKiPhoneDefaultShareViewUI.framework; sourceTree = "<group>"; };
		2F598A1C187DCD120092AB1B /* ShareSDKiPhoneSimpleShareViewUI.bundle */ = {isa = PBXFileReference; lastKnownFileType = "wrapper.plug-in"; path = ShareSDKiPhoneSimpleShareViewUI.bundle; sourceTree = "<group>"; };
		2F598A1D187DCD120092AB1B /* ShareSDKiPhoneSimpleShareViewUI.framework */ = {isa = PBXFileReference; lastKnownFileType = wrapper.framework; path = ShareSDKiPhoneSimpleShareViewUI.framework; sourceTree = "<group>"; };
		2F598A5A187DCD970092AB1B /* MessageUI.framework */ = {isa = PBXFileReference; lastKnownFileType = wrapper.framework; name = MessageUI.framework; path = System/Library/Frameworks/MessageUI.framework; sourceTree = SDKROOT; };
		2FB9C7C0187005F8002F2AD3 /* libicucore.dylib */ = {isa = PBXFileReference; lastKnownFileType = "compiled.mach-o.dylib"; name = libicucore.dylib; path = usr/lib/libicucore.dylib; sourceTree = SDKROOT; };
		2FB9C7C21870062A002F2AD3 /* libz.1.2.5.dylib */ = {isa = PBXFileReference; lastKnownFileType = "compiled.mach-o.dylib"; name = libz.1.2.5.dylib; path = usr/lib/libz.1.2.5.dylib; sourceTree = SDKROOT; };
		2FB9C7C7187017A0002F2AD3 /* SnsShareCenter.h */ = {isa = PBXFileReference; fileEncoding = 4; lastKnownFileType = sourcecode.c.h; path = SnsShareCenter.h; sourceTree = "<group>"; };
		2FB9C7C8187017A0002F2AD3 /* SnsShareCenter.mm */ = {isa = PBXFileReference; explicitFileType = sourcecode.cpp.objcpp; fileEncoding = 4; path = SnsShareCenter.mm; sourceTree = "<group>"; };
		2FEF3AD718823E24000B34B5 /* libsqlite3.dylib */ = {isa = PBXFileReference; lastKnownFileType = "compiled.mach-o.dylib"; name = libsqlite3.dylib; path = usr/lib/libsqlite3.dylib; sourceTree = SDKROOT; };
		F4482F1A16A0555000FDDDAD /* Default-568h@2x.png */ = {isa = PBXFileReference; lastKnownFileType = image.png; path = "Default-568h@2x.png"; sourceTree = "<group>"; };
		F4482F1B16A0555000FDDDAD /* Default.png */ = {isa = PBXFileReference; lastKnownFileType = image.png; path = Default.png; sourceTree = "<group>"; };
		F4482F1C16A0555000FDDDAD /* Default@2x.png */ = {isa = PBXFileReference; lastKnownFileType = image.png; path = "Default@2x.png"; sourceTree = "<group>"; };
		F4482F1D16A0555000FDDDAD /* Icon-72.png */ = {isa = PBXFileReference; lastKnownFileType = image.png; path = "Icon-72.png"; sourceTree = "<group>"; };
		F4482F1E16A0555000FDDDAD /* Icon.png */ = {isa = PBXFileReference; lastKnownFileType = image.png; path = Icon.png; sourceTree = "<group>"; };
		F4482F1F16A0555000FDDDAD /* Icon@2x.png */ = {isa = PBXFileReference; lastKnownFileType = image.png; path = "Icon@2x.png"; sourceTree = "<group>"; };
		F4482F2016A0555000FDDDAD /* Info.plist */ = {isa = PBXFileReference; fileEncoding = 4; lastKnownFileType = text.plist.xml; path = Info.plist; sourceTree = "<group>"; };
		F4499C7116C7CDE20059FF37 /* quickcocos2dx.xcodeproj */ = {isa = PBXFileReference; lastKnownFileType = "wrapper.pb-project"; name = quickcocos2dx.xcodeproj; path = lib/proj.ios/quickcocos2dx.xcodeproj; sourceTree = QUICK_COCOS2DX_ROOT; };
		F452BFC41687EEF900DC5BCC /* CoreText.framework */ = {isa = PBXFileReference; lastKnownFileType = wrapper.framework; name = CoreText.framework; path = System/Library/Frameworks/CoreText.framework; sourceTree = SDKROOT; };
		F452BFCF1687F0F200DC5BCC /* UIKit.framework */ = {isa = PBXFileReference; lastKnownFileType = wrapper.framework; name = UIKit.framework; path = System/Library/Frameworks/UIKit.framework; sourceTree = SDKROOT; };
		F456ECC115EE018E00FCF3E2 /* standstill.app */ = {isa = PBXFileReference; explicitFileType = wrapper.application; includeInIndex = 0; path = standstill.app; sourceTree = BUILT_PRODUCTS_DIR; };
		F456ECC515EE018E00FCF3E2 /* QuartzCore.framework */ = {isa = PBXFileReference; lastKnownFileType = wrapper.framework; name = QuartzCore.framework; path = System/Library/Frameworks/QuartzCore.framework; sourceTree = SDKROOT; };
		F456ECC715EE018E00FCF3E2 /* OpenGLES.framework */ = {isa = PBXFileReference; lastKnownFileType = wrapper.framework; name = OpenGLES.framework; path = System/Library/Frameworks/OpenGLES.framework; sourceTree = SDKROOT; };
		F456ECC915EE018E00FCF3E2 /* OpenAL.framework */ = {isa = PBXFileReference; lastKnownFileType = wrapper.framework; name = OpenAL.framework; path = System/Library/Frameworks/OpenAL.framework; sourceTree = SDKROOT; };
		F456ECCB15EE018E00FCF3E2 /* AudioToolbox.framework */ = {isa = PBXFileReference; lastKnownFileType = wrapper.framework; name = AudioToolbox.framework; path = System/Library/Frameworks/AudioToolbox.framework; sourceTree = SDKROOT; };
		F456ECCD15EE018E00FCF3E2 /* AVFoundation.framework */ = {isa = PBXFileReference; lastKnownFileType = wrapper.framework; name = AVFoundation.framework; path = System/Library/Frameworks/AVFoundation.framework; sourceTree = SDKROOT; };
		F456ECD115EE018E00FCF3E2 /* Foundation.framework */ = {isa = PBXFileReference; lastKnownFileType = wrapper.framework; name = Foundation.framework; path = System/Library/Frameworks/Foundation.framework; sourceTree = SDKROOT; };
		F456ECD315EE018E00FCF3E2 /* CoreGraphics.framework */ = {isa = PBXFileReference; lastKnownFileType = wrapper.framework; name = CoreGraphics.framework; path = System/Library/Frameworks/CoreGraphics.framework; sourceTree = SDKROOT; };
		F456F0F815EE0CDB00FCF3E2 /* CFNetwork.framework */ = {isa = PBXFileReference; lastKnownFileType = wrapper.framework; name = CFNetwork.framework; path = System/Library/Frameworks/CFNetwork.framework; sourceTree = SDKROOT; };
		F456F0FA15EE0CEB00FCF3E2 /* CoreFoundation.framework */ = {isa = PBXFileReference; lastKnownFileType = wrapper.framework; name = CoreFoundation.framework; path = System/Library/Frameworks/CoreFoundation.framework; sourceTree = SDKROOT; };
		F456F0FC15EE0CF600FCF3E2 /* SystemConfiguration.framework */ = {isa = PBXFileReference; lastKnownFileType = wrapper.framework; name = SystemConfiguration.framework; path = System/Library/Frameworks/SystemConfiguration.framework; sourceTree = SDKROOT; };
		F456F10415EE0D2D00FCF3E2 /* MobileCoreServices.framework */ = {isa = PBXFileReference; lastKnownFileType = wrapper.framework; name = MobileCoreServices.framework; path = System/Library/Frameworks/MobileCoreServices.framework; sourceTree = SDKROOT; };
		F456F10615EE0D3500FCF3E2 /* Security.framework */ = {isa = PBXFileReference; lastKnownFileType = wrapper.framework; name = Security.framework; path = System/Library/Frameworks/Security.framework; sourceTree = SDKROOT; };
		F4730C1C16C1509700280298 /* res */ = {isa = PBXFileReference; lastKnownFileType = folder; name = res; path = ../../../res; sourceTree = "<group>"; };
		F4730C1D16C1509700280298 /* scripts */ = {isa = PBXFileReference; lastKnownFileType = folder; name = scripts; path = ../../../scripts; sourceTree = "<group>"; };
		F4949C781699553B00DB561E /* AddressBook.framework */ = {isa = PBXFileReference; lastKnownFileType = wrapper.framework; name = AddressBook.framework; path = System/Library/Frameworks/AddressBook.framework; sourceTree = SDKROOT; };
		F4949C7A1699554600DB561E /* CoreTelephony.framework */ = {isa = PBXFileReference; lastKnownFileType = wrapper.framework; name = CoreTelephony.framework; path = System/Library/Frameworks/CoreTelephony.framework; sourceTree = SDKROOT; };
		F4D26BC716C7D0D2004442B6 /* AppController.h */ = {isa = PBXFileReference; fileEncoding = 4; lastKnownFileType = sourcecode.c.h; path = AppController.h; sourceTree = "<group>"; };
		F4D26BC816C7D0D2004442B6 /* AppController.mm */ = {isa = PBXFileReference; fileEncoding = 4; lastKnownFileType = sourcecode.cpp.objcpp; path = AppController.mm; sourceTree = "<group>"; };
		F4D26BC916C7D0D2004442B6 /* main.m */ = {isa = PBXFileReference; fileEncoding = 4; lastKnownFileType = sourcecode.c.objc; path = main.m; sourceTree = "<group>"; };
		F4D26BCA16C7D0D2004442B6 /* RootViewController.h */ = {isa = PBXFileReference; fileEncoding = 4; lastKnownFileType = sourcecode.c.h; path = RootViewController.h; sourceTree = "<group>"; };
		F4D26BCB16C7D0D2004442B6 /* RootViewController.mm */ = {isa = PBXFileReference; fileEncoding = 4; lastKnownFileType = sourcecode.cpp.objcpp; path = RootViewController.mm; sourceTree = "<group>"; };
		F4E50FE316CF7B6500AA7E90 /* AppDelegate.cpp */ = {isa = PBXFileReference; fileEncoding = 4; lastKnownFileType = sourcecode.cpp.cpp; path = AppDelegate.cpp; sourceTree = "<group>"; };
		F4E50FE416CF7B6500AA7E90 /* AppDelegate.h */ = {isa = PBXFileReference; fileEncoding = 4; lastKnownFileType = sourcecode.c.h; path = AppDelegate.h; sourceTree = "<group>"; };
		F4F40D1A16573CE0007937AD /* StoreKit.framework */ = {isa = PBXFileReference; lastKnownFileType = wrapper.framework; name = StoreKit.framework; path = System/Library/Frameworks/StoreKit.framework; sourceTree = SDKROOT; };
/* End PBXFileReference section */

/* Begin PBXFrameworksBuildPhase section */
		F456ECBE15EE018E00FCF3E2 /* Frameworks */ = {
			isa = PBXFrameworksBuildPhase;
			buildActionMask = 2147483647;
			files = (
				2FEF3AD818823E24000B34B5 /* libsqlite3.dylib in Frameworks */,
				2F598A5B187DCD970092AB1B /* MessageUI.framework in Frameworks */,
				F456F0FD15EE0CF600FCF3E2 /* SystemConfiguration.framework in Frameworks */,
				2F598A59187DCD860092AB1B /* Security.framework in Frameworks */,
				2F598A40187DCD130092AB1B /* ShareSDKCoreService.framework in Frameworks */,
				2F598A46187DCD130092AB1B /* TencentOpenAPI.framework in Frameworks */,
				2F598A4A187DCD130092AB1B /* libSinaWeiboSDK.a in Frameworks */,
				2F598A36187DCD120092AB1B /* TencentWeiboConnection.framework in Frameworks */,
				2F598A51187DCD130092AB1B /* ShareSDKiPadDefaultShareViewUI.framework in Frameworks */,
				2FB9C7C31870062A002F2AD3 /* libz.1.2.5.dylib in Frameworks */,
				2FB9C7C1187005F8002F2AD3 /* libicucore.dylib in Frameworks */,
				2F598A30187DCD120092AB1B /* RenRenConnection.framework in Frameworks */,
				F4323CF716D3298E0072B773 /* libquickcocos2dx.a in Frameworks */,
				F452BFD01687F0F200DC5BCC /* UIKit.framework in Frameworks */,
				2F598A56187DCD130092AB1B /* ShareSDKiPhoneDefaultShareViewUI.framework in Frameworks */,
				2F598A1E187DCD120092AB1B /* CopyConnection.framework in Frameworks */,
				2F598A2E187DCD120092AB1B /* QQConnection.framework in Frameworks */,
				2F598A2F187DCD120092AB1B /* QZoneConnection.framework in Frameworks */,
				2F598A53187DCD130092AB1B /* ShareSDKiPadSimpleShareViewUI.framework in Frameworks */,
				2F598A3A187DCD120092AB1B /* WeChatConnection.framework in Frameworks */,
				2F598A58187DCD130092AB1B /* ShareSDKiPhoneSimpleShareViewUI.framework in Frameworks */,
				2F598A49187DCD130092AB1B /* RennSDK.framework in Frameworks */,
				F456ECC615EE018E00FCF3E2 /* QuartzCore.framework in Frameworks */,
				2F598A4C187DCD130092AB1B /* libTCWeiboSDK.a in Frameworks */,
				2F598A31187DCD120092AB1B /* SinaWeiboConnection.framework in Frameworks */,
				F4949C7B1699554600DB561E /* CoreTelephony.framework in Frameworks */,
				F456ECD415EE018E00FCF3E2 /* CoreGraphics.framework in Frameworks */,
				2F598A4F187DCD130092AB1B /* ShareSDK.framework in Frameworks */,
				2F598A4D187DCD130092AB1B /* libWeChatSDK.a in Frameworks */,
				F4949C791699553B00DB561E /* AddressBook.framework in Frameworks */,
				F456ECC815EE018E00FCF3E2 /* OpenGLES.framework in Frameworks */,
				F452BFC51687EEF900DC5BCC /* CoreText.framework in Frameworks */,
				F4F40D1B16573CE0007937AD /* StoreKit.framework in Frameworks */,
				F456F10515EE0D2D00FCF3E2 /* MobileCoreServices.framework in Frameworks */,
				F456F0F915EE0CDB00FCF3E2 /* CFNetwork.framework in Frameworks */,
				2F598A54187DCD130092AB1B /* ShareSDKiPhoneAppRecommendShareViewUI.framework in Frameworks */,
				F456ECCA15EE018E00FCF3E2 /* OpenAL.framework in Frameworks */,
				F456ECCC15EE018E00FCF3E2 /* AudioToolbox.framework in Frameworks */,
				F456ECCE15EE018E00FCF3E2 /* AVFoundation.framework in Frameworks */,
				2F598A3D187DCD120092AB1B /* AGCommon.framework in Frameworks */,
				F456ECD215EE018E00FCF3E2 /* Foundation.framework in Frameworks */,
			);
			runOnlyForDeploymentPostprocessing = 0;
		};
/* End PBXFrameworksBuildPhase section */

/* Begin PBXGroup section */
		2F5989CD187DCD120092AB1B /* ShareSDK */ = {
			isa = PBXGroup;
			children = (
				2F5989CE187DCD120092AB1B /* Connection */,
				2F5989EE187DCD120092AB1B /* Core */,
				2F5989F5187DCD120092AB1B /* Extend */,
				2F598A13187DCD120092AB1B /* ShareSDK.framework */,
				2F598A14187DCD120092AB1B /* UI */,
			);
			path = ShareSDK;
			sourceTree = "<group>";
		};
		2F5989CE187DCD120092AB1B /* Connection */ = {
			isa = PBXGroup;
			children = (
				2F5989CF187DCD120092AB1B /* CopyConnection.framework */,
				2F5989DF187DCD120092AB1B /* QQConnection.framework */,
				2F5989E0187DCD120092AB1B /* QZoneConnection.framework */,
				2F5989E1187DCD120092AB1B /* RenRenConnection.framework */,
				2F5989E2187DCD120092AB1B /* SinaWeiboConnection.framework */,
				2F5989E7187DCD120092AB1B /* TencentWeiboConnection.framework */,
				2F5989EB187DCD120092AB1B /* WeChatConnection.framework */,
			);
			path = Connection;
			sourceTree = "<group>";
		};
		2F5989EE187DCD120092AB1B /* Core */ = {
			isa = PBXGroup;
			children = (
				2F5989EF187DCD120092AB1B /* AGCommon.framework */,
				2F5989F0187DCD120092AB1B /* ShareSDKLocalizable.strings */,
				2F5989F2187DCD120092AB1B /* Resource.bundle */,
				2F5989F3187DCD120092AB1B /* ShareSDKCoreService.framework */,
			);
			path = Core;
			sourceTree = "<group>";
		};
		2F5989F5187DCD120092AB1B /* Extend */ = {
			isa = PBXGroup;
			children = (
				2F5989FE187DCD120092AB1B /* QQConnectSDK */,
				2F598A01187DCD120092AB1B /* RenRenSDK */,
				2F598A04187DCD120092AB1B /* SinaWeiboSDK */,
				2F598A08187DCD120092AB1B /* TencentWeiboSDK */,
				2F598A0B187DCD120092AB1B /* WeChatSDK */,
			);
			path = Extend;
			sourceTree = "<group>";
		};
		2F5989FE187DCD120092AB1B /* QQConnectSDK */ = {
			isa = PBXGroup;
			children = (
				2F5989FF187DCD120092AB1B /* TencentOpenAPI.framework */,
				2F598A00187DCD120092AB1B /* TencentOpenApi_IOS_Bundle.bundle */,
			);
			path = QQConnectSDK;
			sourceTree = "<group>";
		};
		2F598A01187DCD120092AB1B /* RenRenSDK */ = {
			isa = PBXGroup;
			children = (
				2F598A02187DCD120092AB1B /* RennSDK.bundle */,
				2F598A03187DCD120092AB1B /* RennSDK.framework */,
			);
			path = RenRenSDK;
			sourceTree = "<group>";
		};
		2F598A04187DCD120092AB1B /* SinaWeiboSDK */ = {
			isa = PBXGroup;
			children = (
				2F598A05187DCD120092AB1B /* libSinaWeiboSDK.a */,
				2F598A06187DCD120092AB1B /* WeiboSDK.bundle */,
				2F598A07187DCD120092AB1B /* WeiboSDK.h */,
			);
			path = SinaWeiboSDK;
			sourceTree = "<group>";
		};
		2F598A08187DCD120092AB1B /* TencentWeiboSDK */ = {
			isa = PBXGroup;
			children = (
				2F598A09187DCD120092AB1B /* libTCWeiboSDK.a */,
				2F598A0A187DCD120092AB1B /* WeiboApi.h */,
			);
			path = TencentWeiboSDK;
			sourceTree = "<group>";
		};
		2F598A0B187DCD120092AB1B /* WeChatSDK */ = {
			isa = PBXGroup;
			children = (
				2F598A0C187DCD120092AB1B /* libWeChatSDK.a */,
				2F598A0D187DCD120092AB1B /* WXApi.h */,
				2F598A0E187DCD120092AB1B /* WXApiObject.h */,
			);
			path = WeChatSDK;
			sourceTree = "<group>";
		};
		2F598A14187DCD120092AB1B /* UI */ = {
			isa = PBXGroup;
			children = (
				2F598A15187DCD120092AB1B /* ShareSDKiPadDefaultShareViewUI.bundle */,
				2F598A16187DCD120092AB1B /* ShareSDKiPadDefaultShareViewUI.framework */,
				2F598A17187DCD120092AB1B /* ShareSDKiPadSimpleShareViewUI.bundle */,
				2F598A18187DCD120092AB1B /* ShareSDKiPadSimpleShareViewUI.framework */,
				2F598A19187DCD120092AB1B /* ShareSDKiPhoneAppRecommendShareViewUI.framework */,
				2F598A1A187DCD120092AB1B /* ShareSDKiPhoneDefaultShareViewUI.bundle */,
				2F598A1B187DCD120092AB1B /* ShareSDKiPhoneDefaultShareViewUI.framework */,
				2F598A1C187DCD120092AB1B /* ShareSDKiPhoneSimpleShareViewUI.bundle */,
				2F598A1D187DCD120092AB1B /* ShareSDKiPhoneSimpleShareViewUI.framework */,
			);
			path = UI;
			sourceTree = "<group>";
		};
		F456ECB615EE018E00FCF3E2 = {
			isa = PBXGroup;
			children = (
				F4499C7116C7CDE20059FF37 /* quickcocos2dx.xcodeproj */,
				F456ECD515EE018E00FCF3E2 /* standstill */,
				F48E6F76166B264500295A03 /* Resources */,
				F456ECC415EE018E00FCF3E2 /* Frameworks */,
				F456ECC215EE018E00FCF3E2 /* Products */,
			);
			sourceTree = "<group>";
		};
		F456ECC215EE018E00FCF3E2 /* Products */ = {
			isa = PBXGroup;
			children = (
				F456ECC115EE018E00FCF3E2 /* standstill.app */,
			);
			name = Products;
			sourceTree = "<group>";
		};
		F456ECC415EE018E00FCF3E2 /* Frameworks */ = {
			isa = PBXGroup;
			children = (
				2FEF3AD718823E24000B34B5 /* libsqlite3.dylib */,
				2F598A5A187DCD970092AB1B /* MessageUI.framework */,
				2FB9C7C21870062A002F2AD3 /* libz.1.2.5.dylib */,
				2FB9C7C0187005F8002F2AD3 /* libicucore.dylib */,
				F4949C781699553B00DB561E /* AddressBook.framework */,
				F456ECCB15EE018E00FCF3E2 /* AudioToolbox.framework */,
				F456ECCD15EE018E00FCF3E2 /* AVFoundation.framework */,
				F456F0F815EE0CDB00FCF3E2 /* CFNetwork.framework */,
				F456F0FA15EE0CEB00FCF3E2 /* CoreFoundation.framework */,
				F456ECD315EE018E00FCF3E2 /* CoreGraphics.framework */,
				F4949C7A1699554600DB561E /* CoreTelephony.framework */,
				F452BFC41687EEF900DC5BCC /* CoreText.framework */,
				F456ECD115EE018E00FCF3E2 /* Foundation.framework */,
				F456F10415EE0D2D00FCF3E2 /* MobileCoreServices.framework */,
				F456ECC915EE018E00FCF3E2 /* OpenAL.framework */,
				F456ECC715EE018E00FCF3E2 /* OpenGLES.framework */,
				F456ECC515EE018E00FCF3E2 /* QuartzCore.framework */,
				F456F10615EE0D3500FCF3E2 /* Security.framework */,
				F4F40D1A16573CE0007937AD /* StoreKit.framework */,
				F456F0FC15EE0CF600FCF3E2 /* SystemConfiguration.framework */,
				F452BFCF1687F0F200DC5BCC /* UIKit.framework */,
			);
			name = Frameworks;
			sourceTree = "<group>";
		};
		F456ECD515EE018E00FCF3E2 /* standstill */ = {
			isa = PBXGroup;
			children = (
				2F5989CD187DCD120092AB1B /* ShareSDK */,
				F4E50FE216CF7B6500AA7E90 /* sources */,
				F4D26BC616C7D0D2004442B6 /* ios */,
			);
			path = standstill;
			sourceTree = "<group>";
		};
		F48ABAD516A057D000A60C5B /* ios */ = {
			isa = PBXGroup;
			children = (
				F4482F1A16A0555000FDDDAD /* Default-568h@2x.png */,
				F4482F1B16A0555000FDDDAD /* Default.png */,
				F4482F1C16A0555000FDDDAD /* Default@2x.png */,
				F4482F1D16A0555000FDDDAD /* Icon-72.png */,
				F4482F1E16A0555000FDDDAD /* Icon.png */,
				F4482F1F16A0555000FDDDAD /* Icon@2x.png */,
				F4482F2016A0555000FDDDAD /* Info.plist */,
			);
			name = ios;
			sourceTree = "<group>";
		};
		F48E6F76166B264500295A03 /* Resources */ = {
			isa = PBXGroup;
			children = (
				F4730C1C16C1509700280298 /* res */,
				F4730C1D16C1509700280298 /* scripts */,
				F48ABAD516A057D000A60C5B /* ios */,
			);
			name = Resources;
			path = standstill/Resources;
			sourceTree = "<group>";
		};
		F48F590416D21F8C000651BE /* Products */ = {
			isa = PBXGroup;
			children = (
				F48F590816D21F8C000651BE /* libquickcocos2dx.a */,
			);
			name = Products;
			sourceTree = "<group>";
		};
		F4D26BC616C7D0D2004442B6 /* ios */ = {
			isa = PBXGroup;
			children = (
				F4D26BC716C7D0D2004442B6 /* AppController.h */,
				F4D26BC816C7D0D2004442B6 /* AppController.mm */,
				F4D26BC916C7D0D2004442B6 /* main.m */,
				F4D26BCA16C7D0D2004442B6 /* RootViewController.h */,
				F4D26BCB16C7D0D2004442B6 /* RootViewController.mm */,
				2FB9C7C7187017A0002F2AD3 /* SnsShareCenter.h */,
				2FB9C7C8187017A0002F2AD3 /* SnsShareCenter.mm */,
			);
			path = ios;
			sourceTree = "<group>";
		};
		F4E50FE216CF7B6500AA7E90 /* sources */ = {
			isa = PBXGroup;
			children = (
				2F5989CA187DCC230092AB1B /* SimulatorConfig.cpp */,
				2F5989CB187DCC230092AB1B /* SimulatorConfig.h */,
				F4E50FE316CF7B6500AA7E90 /* AppDelegate.cpp */,
				F4E50FE416CF7B6500AA7E90 /* AppDelegate.h */,
			);
			name = sources;
			path = ../../sources;
			sourceTree = "<group>";
		};
/* End PBXGroup section */

/* Begin PBXNativeTarget section */
		F456ECC015EE018E00FCF3E2 /* standstill */ = {
			isa = PBXNativeTarget;
			buildConfigurationList = F456EFBD15EE019300FCF3E2 /* Build configuration list for PBXNativeTarget "standstill" */;
			buildPhases = (
				F456ECBD15EE018E00FCF3E2 /* Sources */,
				F456ECBE15EE018E00FCF3E2 /* Frameworks */,
				F456ECBF15EE018E00FCF3E2 /* Resources */,
			);
			buildRules = (
			);
			dependencies = (
			);
			name = standstill;
			productName = standstill;
			productReference = F456ECC115EE018E00FCF3E2 /* standstill.app */;
			productType = "com.apple.product-type.application";
		};
/* End PBXNativeTarget section */

/* Begin PBXProject section */
		F456ECB815EE018E00FCF3E2 /* Project object */ = {
			isa = PBXProject;
			attributes = {
				LastUpgradeCheck = 0500;
			};
			buildConfigurationList = F456ECBB15EE018E00FCF3E2 /* Build configuration list for PBXProject "standstill" */;
			compatibilityVersion = "Xcode 3.2";
			developmentRegion = English;
			hasScannedForEncodings = 0;
			knownRegions = (
				en,
				"zh-Hans",
			);
			mainGroup = F456ECB615EE018E00FCF3E2;
			productRefGroup = F456ECC215EE018E00FCF3E2 /* Products */;
			projectDirPath = "";
			projectReferences = (
				{
					ProductGroup = F48F590416D21F8C000651BE /* Products */;
					ProjectRef = F4499C7116C7CDE20059FF37 /* quickcocos2dx.xcodeproj */;
				},
			);
			projectRoot = "";
			targets = (
				F456ECC015EE018E00FCF3E2 /* standstill */,
			);
		};
/* End PBXProject section */

/* Begin PBXReferenceProxy section */
		F48F590816D21F8C000651BE /* libquickcocos2dx.a */ = {
			isa = PBXReferenceProxy;
			fileType = archive.ar;
			path = libquickcocos2dx.a;
			remoteRef = F48F590716D21F8C000651BE /* PBXContainerItemProxy */;
			sourceTree = BUILT_PRODUCTS_DIR;
		};
/* End PBXReferenceProxy section */

/* Begin PBXResourcesBuildPhase section */
		F456ECBF15EE018E00FCF3E2 /* Resources */ = {
			isa = PBXResourcesBuildPhase;
			buildActionMask = 2147483647;
			files = (
				2F598A57187DCD130092AB1B /* ShareSDKiPhoneSimpleShareViewUI.bundle in Resources */,
				F4482F2116A0555000FDDDAD /* Default-568h@2x.png in Resources */,
				2F598A3F187DCD130092AB1B /* Resource.bundle in Resources */,
				F4482F2216A0555000FDDDAD /* Default.png in Resources */,
				2F598A3E187DCD130092AB1B /* ShareSDKLocalizable.strings in Resources */,
				2F598A47187DCD130092AB1B /* TencentOpenApi_IOS_Bundle.bundle in Resources */,
				F4482F2316A0555000FDDDAD /* Default@2x.png in Resources */,
				F4482F2416A0555000FDDDAD /* Icon-72.png in Resources */,
				F4482F2516A0555000FDDDAD /* Icon.png in Resources */,
				2F598A52187DCD130092AB1B /* ShareSDKiPadSimpleShareViewUI.bundle in Resources */,
				2F598A55187DCD130092AB1B /* ShareSDKiPhoneDefaultShareViewUI.bundle in Resources */,
				2F598A48187DCD130092AB1B /* RennSDK.bundle in Resources */,
				F4482F2616A0555000FDDDAD /* Icon@2x.png in Resources */,
				F4730C1E16C1509700280298 /* res in Resources */,
				2F598A50187DCD130092AB1B /* ShareSDKiPadDefaultShareViewUI.bundle in Resources */,
				F4730C1F16C1509700280298 /* scripts in Resources */,
				2F598A4B187DCD130092AB1B /* WeiboSDK.bundle in Resources */,
			);
			runOnlyForDeploymentPostprocessing = 0;
		};
/* End PBXResourcesBuildPhase section */

/* Begin PBXSourcesBuildPhase section */
		F456ECBD15EE018E00FCF3E2 /* Sources */ = {
			isa = PBXSourcesBuildPhase;
			buildActionMask = 2147483647;
			files = (
				2F5989CC187DCC230092AB1B /* SimulatorConfig.cpp in Sources */,
				F4D26BCC16C7D0D2004442B6 /* AppController.mm in Sources */,
				2FB9C7C9187017A0002F2AD3 /* SnsShareCenter.mm in Sources */,
				F4D26BCD16C7D0D2004442B6 /* main.m in Sources */,
				F4D26BCE16C7D0D2004442B6 /* RootViewController.mm in Sources */,
				F4E50FE516CF7B6500AA7E90 /* AppDelegate.cpp in Sources */,
			);
			runOnlyForDeploymentPostprocessing = 0;
		};
/* End PBXSourcesBuildPhase section */

/* Begin PBXVariantGroup section */
		2F5989F0187DCD120092AB1B /* ShareSDKLocalizable.strings */ = {
			isa = PBXVariantGroup;
			children = (
				2F5989F1187DCD120092AB1B /* en */,
				2F5989F4187DCD120092AB1B /* zh-Hans */,
			);
			name = ShareSDKLocalizable.strings;
			sourceTree = "<group>";
		};
/* End PBXVariantGroup section */

/* Begin XCBuildConfiguration section */
		F456EFBB15EE019300FCF3E2 /* Debug */ = {
			isa = XCBuildConfiguration;
			buildSettings = {
				"CODE_SIGN_IDENTITY[sdk=iphoneos*]" = "iPhone Developer";
				GCC_C_LANGUAGE_STANDARD = gnu99;
				GCC_OPTIMIZATION_LEVEL = 0;
				GCC_PREPROCESSOR_DEFINITIONS = (
					DEBUG,
					"COCOS2D_DEBUG=1",
					USE_FILE32API,
					TARGET_OS_IPHONE,
					"CC_LUA_ENGINE_ENABLED=1",
				);
				GCC_SYMBOLS_PRIVATE_EXTERN = NO;
				GCC_WARN_ABOUT_RETURN_TYPE = YES;
				GCC_WARN_UNUSED_VARIABLE = YES;
				HEADER_SEARCH_PATHS = (
					"\"$(QUICK_COCOS2DX_ROOT)/lib/cocos2d-x/cocos2dx\"",
					"\"$(QUICK_COCOS2DX_ROOT)/lib/cocos2d-x/cocos2dx/include\"",
					"\"$(QUICK_COCOS2DX_ROOT)/lib/cocos2d-x/cocos2dx/platform\"",
					"\"$(QUICK_COCOS2DX_ROOT)/lib/cocos2d-x/cocos2dx/platform/ios\"",
					"\"$(QUICK_COCOS2DX_ROOT)/lib/cocos2d-x/cocos2dx/platform/third_party/ios\"",
					"\"$(QUICK_COCOS2DX_ROOT)/lib/cocos2d-x/cocos2dx/kazmath/include\"",
					"\"$(QUICK_COCOS2DX_ROOT)/lib/cocos2d-x/CocosDenshion/include\"",
					"\"$(QUICK_COCOS2DX_ROOT)/lib/cocos2d-x/CocosDenshion/ios\"",
					"\"$(QUICK_COCOS2DX_ROOT)/lib/cocos2d-x/extensions\"",
					"\"$(QUICK_COCOS2DX_ROOT)/lib/cocos2d-x/extensions/GUI/CCControlExtension\"",
					"\"$(QUICK_COCOS2DX_ROOT)/lib/cocos2d-x/extensions/GUI/CCEditBox\"",
					"\"$(QUICK_COCOS2DX_ROOT)/lib/cocos2d-x/scripting/lua/cocos2dx_support\"",
					"\"$(QUICK_COCOS2DX_ROOT)/lib/cocos2d-x/scripting/lua/tolua\"",
					"\"$(QUICK_COCOS2DX_ROOT)/lib/cocos2d-x/scripting/lua/luajit/include\"",
					"\"$(QUICK_COCOS2DX_ROOT)/lib/cocos2dx_extensions_luabinding\"",
					"\"$(QUICK_COCOS2DX_ROOT)/lib/cocos2dx_extra/extra\"",
					"\"$(QUICK_COCOS2DX_ROOT)/lib/cocos2dx_extra/extra/luabinding\"",
					"\"$(QUICK_COCOS2DX_ROOT)/lib/lua_extensions\"",
					"\"$(QUICK_COCOS2DX_ROOT)/lib/lua_extensions/cjson\"",
					"\"$(QUICK_COCOS2DX_ROOT)/lib/lua_extensions/zlib\"",
					"\"$(QUICK_COCOS2DX_ROOT)/lib/third_party/chipmunk/include\"",
					"\"$(QUICK_COCOS2DX_ROOT)/lib/third_party/chipmunk/luabinding\"",
					"\"$(QUICK_COCOS2DX_ROOT)/lib/third_party/CSArmature\"",
					"\"$(QUICK_COCOS2DX_ROOT)/lib/third_party\"",
				);
				IPHONEOS_DEPLOYMENT_TARGET = 5.1;
				ONLY_ACTIVE_ARCH = YES;
				SDKROOT = iphoneos;
				VALID_ARCHS = armv7;
			};
			name = Debug;
		};
		F456EFBC15EE019300FCF3E2 /* Release */ = {
			isa = XCBuildConfiguration;
			buildSettings = {
				"CODE_SIGN_IDENTITY[sdk=iphoneos*]" = "iPhone Developer";
				GCC_C_LANGUAGE_STANDARD = gnu99;
				GCC_PREPROCESSOR_DEFINITIONS = (
					NDEBUG,
					USE_FILE32API,
					TARGET_OS_IPHONE,
					"CC_LUA_ENGINE_ENABLED=1",
				);
				GCC_WARN_ABOUT_RETURN_TYPE = YES;
				GCC_WARN_UNUSED_VARIABLE = YES;
				HEADER_SEARCH_PATHS = (
					"\"$(QUICK_COCOS2DX_ROOT)/lib/cocos2d-x/cocos2dx\"",
					"\"$(QUICK_COCOS2DX_ROOT)/lib/cocos2d-x/cocos2dx/include\"",
					"\"$(QUICK_COCOS2DX_ROOT)/lib/cocos2d-x/cocos2dx/platform\"",
					"\"$(QUICK_COCOS2DX_ROOT)/lib/cocos2d-x/cocos2dx/platform/ios\"",
					"\"$(QUICK_COCOS2DX_ROOT)/lib/cocos2d-x/cocos2dx/platform/third_party/ios\"",
					"\"$(QUICK_COCOS2DX_ROOT)/lib/cocos2d-x/cocos2dx/kazmath/include\"",
					"\"$(QUICK_COCOS2DX_ROOT)/lib/cocos2d-x/CocosDenshion/include\"",
					"\"$(QUICK_COCOS2DX_ROOT)/lib/cocos2d-x/CocosDenshion/ios\"",
					"\"$(QUICK_COCOS2DX_ROOT)/lib/cocos2d-x/extensions\"",
					"\"$(QUICK_COCOS2DX_ROOT)/lib/cocos2d-x/extensions/GUI/CCControlExtension\"",
					"\"$(QUICK_COCOS2DX_ROOT)/lib/cocos2d-x/extensions/GUI/CCEditBox\"",
					"\"$(QUICK_COCOS2DX_ROOT)/lib/cocos2d-x/scripting/lua/cocos2dx_support\"",
					"\"$(QUICK_COCOS2DX_ROOT)/lib/cocos2d-x/scripting/lua/tolua\"",
					"\"$(QUICK_COCOS2DX_ROOT)/lib/cocos2d-x/scripting/lua/luajit/include\"",
					"\"$(QUICK_COCOS2DX_ROOT)/lib/cocos2dx_extensions_luabinding\"",
					"\"$(QUICK_COCOS2DX_ROOT)/lib/cocos2dx_extra/extra\"",
					"\"$(QUICK_COCOS2DX_ROOT)/lib/cocos2dx_extra/extra/luabinding\"",
					"\"$(QUICK_COCOS2DX_ROOT)/lib/lua_extensions\"",
					"\"$(QUICK_COCOS2DX_ROOT)/lib/lua_extensions/cjson\"",
					"\"$(QUICK_COCOS2DX_ROOT)/lib/lua_extensions/zlib\"",
					"\"$(QUICK_COCOS2DX_ROOT)/lib/third_party/chipmunk/include\"",
					"\"$(QUICK_COCOS2DX_ROOT)/lib/third_party/chipmunk/luabinding\"",
					"\"$(QUICK_COCOS2DX_ROOT)/lib/third_party/CSArmature\"",
					"\"$(QUICK_COCOS2DX_ROOT)/lib/third_party\"",
				);
				IPHONEOS_DEPLOYMENT_TARGET = 5.1;
				OTHER_CFLAGS = "-DNS_BLOCK_ASSERTIONS=1";
				SDKROOT = iphoneos;
				VALID_ARCHS = armv7;
			};
			name = Release;
		};
		F456EFBE15EE019300FCF3E2 /* Debug */ = {
			isa = XCBuildConfiguration;
			buildSettings = {
				ALWAYS_SEARCH_USER_PATHS = NO;
				ARCHS = "$(ARCHS_STANDARD)";
				CLANG_CXX_LANGUAGE_STANDARD = "gnu++0x";
				CLANG_CXX_LIBRARY = "libc++";
				CODE_SIGN_IDENTITY = "iPhone Developer: yongfu yang (A3CL6M2UD6)";
				"CODE_SIGN_IDENTITY[sdk=iphoneos*]" = "iPhone Developer: yongfu yang (A3CL6M2UD6)";
				COPY_PHASE_STRIP = NO;
				FRAMEWORK_SEARCH_PATHS = (
					"$(inherited)",
					"/Users/Tanty/Cocos/snatch-game/sources/ShareSDK/Connection",
					"/Users/Tanty/Cocos/snatch-game/sources/ShareSDK/Core",
					"/Users/Tanty/Cocos/snatch-game/sources/ShareSDK/Extend/QQConnectSDK",
					"/Users/Tanty/Cocos/snatch-game/sources/ShareSDK",
					"/Users/Tanty/Cocos/snatch-game/sources/ShareSDK/UI",
					"/Users/Tanty/Cocos/snatch-game/proj.ios/standstill/ShareSDK/Connection",
					"/Users/Tanty/Cocos/snatch-game/proj.ios/standstill/ShareSDK/Core",
					"/Users/Tanty/Cocos/snatch-game/proj.ios/standstill/ShareSDK/Extend/GooglePlusSDK",
					"/Users/Tanty/Cocos/snatch-game/proj.ios/standstill/ShareSDK/Extend/Pinterest.embeddedframework",
					"/Users/Tanty/Cocos/snatch-game/proj.ios/standstill/ShareSDK/Extend/QQConnectSDK",
					"/Users/Tanty/Cocos/snatch-game/proj.ios/standstill/ShareSDK/Extend/RenRenSDK",
					"/Users/Tanty/Cocos/snatch-game/proj.ios/standstill/ShareSDK",
					"/Users/Tanty/Cocos/snatch-game/proj.ios/standstill/ShareSDK/UI",
				);
				GCC_C_LANGUAGE_STANDARD = gnu11;
				GCC_DYNAMIC_NO_PIC = NO;
				GCC_INLINES_ARE_PRIVATE_EXTERN = NO;
				GCC_PRECOMPILE_PREFIX_HEADER = YES;
				GCC_PREFIX_HEADER = standstill/Prefix.pch;
				GCC_PREPROCESSOR_DEFINITIONS = (
					DEBUG,
					"COCOS2D_DEBUG=1",
					USE_FILE32API,
					CC_TARGET_OS_IPHONE,
					"CC_LUA_ENGINE_ENABLED=1",
				);
				GCC_SYMBOLS_PRIVATE_EXTERN = NO;
				"GCC_THUMB_SUPPORT[arch=armv6]" = "";
				HEADER_SEARCH_PATHS = (
					"\"$(QUICK_COCOS2DX_ROOT)/lib/cocos2d-x/cocos2dx\"",
					"\"$(QUICK_COCOS2DX_ROOT)/lib/cocos2d-x/cocos2dx/include\"",
					"\"$(QUICK_COCOS2DX_ROOT)/lib/cocos2d-x/cocos2dx/platform\"",
					"\"$(QUICK_COCOS2DX_ROOT)/lib/cocos2d-x/cocos2dx/platform/ios\"",
					"\"$(QUICK_COCOS2DX_ROOT)/lib/cocos2d-x/cocos2dx/platform/third_party/ios\"",
					"\"$(QUICK_COCOS2DX_ROOT)/lib/cocos2d-x/cocos2dx/kazmath/include\"",
					"\"$(QUICK_COCOS2DX_ROOT)/lib/cocos2d-x/CocosDenshion/include\"",
					"\"$(QUICK_COCOS2DX_ROOT)/lib/cocos2d-x/CocosDenshion/ios\"",
					"\"$(QUICK_COCOS2DX_ROOT)/lib/cocos2d-x/extensions\"",
					"\"$(QUICK_COCOS2DX_ROOT)/lib/cocos2d-x/extensions/GUI/CCControlExtension\"",
					"\"$(QUICK_COCOS2DX_ROOT)/lib/cocos2d-x/extensions/GUI/CCEditBox\"",
					"\"$(QUICK_COCOS2DX_ROOT)/lib/cocos2d-x/scripting/lua/cocos2dx_support\"",
					"\"$(QUICK_COCOS2DX_ROOT)/lib/cocos2d-x/scripting/lua/tolua\"",
					"\"$(QUICK_COCOS2DX_ROOT)/lib/cocos2d-x/scripting/lua/luajit/include\"",
					"\"$(QUICK_COCOS2DX_ROOT)/lib/cocos2dx_extensions_luabinding\"",
					"\"$(QUICK_COCOS2DX_ROOT)/lib/cocos2dx_extra/extra\"",
					"\"$(QUICK_COCOS2DX_ROOT)/lib/cocos2dx_extra/extra/luabinding\"",
					"\"$(QUICK_COCOS2DX_ROOT)/lib/lua_extensions\"",
					"\"$(QUICK_COCOS2DX_ROOT)/lib/lua_extensions/cjson\"",
					"\"$(QUICK_COCOS2DX_ROOT)/lib/lua_extensions/zlib\"",
					"\"$(QUICK_COCOS2DX_ROOT)/lib/third_party/chipmunk/include\"",
					"\"$(QUICK_COCOS2DX_ROOT)/lib/third_party/chipmunk/luabinding\"",
					"\"$(QUICK_COCOS2DX_ROOT)/lib/third_party/CSArmature\"",
					"\"$(QUICK_COCOS2DX_ROOT)/lib/third_party\"",
				);
				INFOPLIST_FILE = standstill/Resources/Info.plist;
				IPHONEOS_DEPLOYMENT_TARGET = 5.1.1;
				LIBRARY_SEARCH_PATHS = (
					"\\\\\\\"$(QUICK_COCOS2DX_ROOT)/lib/cocos2d-x/cocos2dx/platform/third_party/ios/libraries\\\\\\\"",
					"\\\\\\\"$(QUICK_COCOS2DX_ROOT)/lib/cocos2d-x/scripting/lua/luajit/ios\\\\\\\"",
					"/Users/Tanty/Cocos/snatch-game/sources/ShareSDK/Extend/SinaWeiboSDK",
					"/Users/Tanty/Cocos/snatch-game/sources/ShareSDK/Extend/TencentWeiboSDK",
					"/Users/Tanty/Cocos/snatch-game/sources/ShareSDK/Extend/WeChatSDK",
					"/Users/Tanty/Cocos/snatch-game/proj.ios/standstill/ShareSDK/Extend/SinaWeiboSDK",
					"/Users/Tanty/Cocos/snatch-game/proj.ios/standstill/ShareSDK/Extend/TencentWeiboSDK",
					"/Users/Tanty/Cocos/snatch-game/proj.ios/standstill/ShareSDK/Extend/WeChatSDK",
					"/Users/Tanty/Cocos/snatch-game/proj.ios/standstill/ShareSDK/Extend/YiXinSDK",
				);
				OTHER_LDFLAGS = (
					"-lxml2",
					"-lz",
					"-ObjC",
				);
				PRODUCT_NAME = "$(TARGET_NAME)";
				PROVISIONING_PROFILE = "";
				"PROVISIONING_PROFILE[sdk=iphoneos*]" = "";
				TARGETED_DEVICE_FAMILY = "1,2";
				VALID_ARCHS = "armv7 arm64 armv7s";
				WRAPPER_EXTENSION = app;
			};
			name = Debug;
		};
		F456EFBF15EE019300FCF3E2 /* Release */ = {
			isa = XCBuildConfiguration;
			buildSettings = {
				ALWAYS_SEARCH_USER_PATHS = NO;
				ARCHS = "$(ARCHS_STANDARD)";
				CLANG_CXX_LANGUAGE_STANDARD = "gnu++0x";
				CLANG_CXX_LIBRARY = "libc++";
				CODE_SIGN_IDENTITY = "iPhone Developer: yongfu yang (A3CL6M2UD6)";
				"CODE_SIGN_IDENTITY[sdk=iphoneos*]" = "iPhone Developer: yongfu yang (A3CL6M2UD6)";
				COPY_PHASE_STRIP = YES;
				FRAMEWORK_SEARCH_PATHS = (
					"$(inherited)",
					"/Users/Tanty/Cocos/snatch-game/sources/ShareSDK/Connection",
					"/Users/Tanty/Cocos/snatch-game/sources/ShareSDK/Core",
					"/Users/Tanty/Cocos/snatch-game/sources/ShareSDK/Extend/QQConnectSDK",
					"/Users/Tanty/Cocos/snatch-game/sources/ShareSDK",
					"/Users/Tanty/Cocos/snatch-game/sources/ShareSDK/UI",
					"/Users/Tanty/Cocos/snatch-game/proj.ios/standstill/ShareSDK/Connection",
					"/Users/Tanty/Cocos/snatch-game/proj.ios/standstill/ShareSDK/Core",
					"/Users/Tanty/Cocos/snatch-game/proj.ios/standstill/ShareSDK/Extend/GooglePlusSDK",
					"/Users/Tanty/Cocos/snatch-game/proj.ios/standstill/ShareSDK/Extend/Pinterest.embeddedframework",
					"/Users/Tanty/Cocos/snatch-game/proj.ios/standstill/ShareSDK/Extend/QQConnectSDK",
					"/Users/Tanty/Cocos/snatch-game/proj.ios/standstill/ShareSDK/Extend/RenRenSDK",
					"/Users/Tanty/Cocos/snatch-game/proj.ios/standstill/ShareSDK",
					"/Users/Tanty/Cocos/snatch-game/proj.ios/standstill/ShareSDK/UI",
				);
				GCC_C_LANGUAGE_STANDARD = gnu11;
				GCC_INLINES_ARE_PRIVATE_EXTERN = NO;
				GCC_PRECOMPILE_PREFIX_HEADER = YES;
				GCC_PREFIX_HEADER = standstill/Prefix.pch;
				GCC_PREPROCESSOR_DEFINITIONS = (
					NDEBUG,
					USE_FILE32API,
					CC_TARGET_OS_IPHONE,
					"CC_LUA_ENGINE_ENABLED=1",
				);
				GCC_SYMBOLS_PRIVATE_EXTERN = NO;
				"GCC_THUMB_SUPPORT[arch=armv6]" = "";
				HEADER_SEARCH_PATHS = (
					"\"$(QUICK_COCOS2DX_ROOT)/lib/cocos2d-x/cocos2dx\"",
					"\"$(QUICK_COCOS2DX_ROOT)/lib/cocos2d-x/cocos2dx/include\"",
					"\"$(QUICK_COCOS2DX_ROOT)/lib/cocos2d-x/cocos2dx/platform\"",
					"\"$(QUICK_COCOS2DX_ROOT)/lib/cocos2d-x/cocos2dx/platform/ios\"",
					"\"$(QUICK_COCOS2DX_ROOT)/lib/cocos2d-x/cocos2dx/platform/third_party/ios\"",
					"\"$(QUICK_COCOS2DX_ROOT)/lib/cocos2d-x/cocos2dx/kazmath/include\"",
					"\"$(QUICK_COCOS2DX_ROOT)/lib/cocos2d-x/CocosDenshion/include\"",
					"\"$(QUICK_COCOS2DX_ROOT)/lib/cocos2d-x/CocosDenshion/ios\"",
					"\"$(QUICK_COCOS2DX_ROOT)/lib/cocos2d-x/extensions\"",
					"\"$(QUICK_COCOS2DX_ROOT)/lib/cocos2d-x/extensions/GUI/CCControlExtension\"",
					"\"$(QUICK_COCOS2DX_ROOT)/lib/cocos2d-x/extensions/GUI/CCEditBox\"",
					"\"$(QUICK_COCOS2DX_ROOT)/lib/cocos2d-x/scripting/lua/cocos2dx_support\"",
					"\"$(QUICK_COCOS2DX_ROOT)/lib/cocos2d-x/scripting/lua/tolua\"",
					"\"$(QUICK_COCOS2DX_ROOT)/lib/cocos2d-x/scripting/lua/luajit/include\"",
					"\"$(QUICK_COCOS2DX_ROOT)/lib/cocos2dx_extensions_luabinding\"",
					"\"$(QUICK_COCOS2DX_ROOT)/lib/cocos2dx_extra/extra\"",
					"\"$(QUICK_COCOS2DX_ROOT)/lib/cocos2dx_extra/extra/luabinding\"",
					"\"$(QUICK_COCOS2DX_ROOT)/lib/lua_extensions\"",
					"\"$(QUICK_COCOS2DX_ROOT)/lib/lua_extensions/cjson\"",
					"\"$(QUICK_COCOS2DX_ROOT)/lib/lua_extensions/zlib\"",
					"\"$(QUICK_COCOS2DX_ROOT)/lib/third_party/chipmunk/include\"",
					"\"$(QUICK_COCOS2DX_ROOT)/lib/third_party/chipmunk/luabinding\"",
					"\"$(QUICK_COCOS2DX_ROOT)/lib/third_party/CSArmature\"",
					"\"$(QUICK_COCOS2DX_ROOT)/lib/third_party\"",
				);
				INFOPLIST_FILE = standstill/Resources/Info.plist;
				IPHONEOS_DEPLOYMENT_TARGET = 5.1.1;
				LIBRARY_SEARCH_PATHS = (
					"\\\\\\\"$(QUICK_COCOS2DX_ROOT)/lib/cocos2d-x/cocos2dx/platform/third_party/ios/libraries\\\\\\\"",
					"\\\\\\\"$(QUICK_COCOS2DX_ROOT)/lib/cocos2d-x/scripting/lua/luajit/ios\\\\\\\"",
					"/Users/Tanty/Cocos/snatch-game/sources/ShareSDK/Extend/SinaWeiboSDK",
					"/Users/Tanty/Cocos/snatch-game/sources/ShareSDK/Extend/TencentWeiboSDK",
					"/Users/Tanty/Cocos/snatch-game/sources/ShareSDK/Extend/WeChatSDK",
					"/Users/Tanty/Cocos/snatch-game/proj.ios/standstill/ShareSDK/Extend/SinaWeiboSDK",
					"/Users/Tanty/Cocos/snatch-game/proj.ios/standstill/ShareSDK/Extend/TencentWeiboSDK",
					"/Users/Tanty/Cocos/snatch-game/proj.ios/standstill/ShareSDK/Extend/WeChatSDK",
					"/Users/Tanty/Cocos/snatch-game/proj.ios/standstill/ShareSDK/Extend/YiXinSDK",
				);
				OTHER_LDFLAGS = (
					"-lxml2",
					"-lz",
					"-ObjC",
				);
				PRODUCT_NAME = "$(TARGET_NAME)";
				PROVISIONING_PROFILE = "";
				"PROVISIONING_PROFILE[sdk=iphoneos*]" = "";
				TARGETED_DEVICE_FAMILY = "1,2";
				VALIDATE_PRODUCT = YES;
				VALID_ARCHS = "armv7 arm64 armv7s";
				WRAPPER_EXTENSION = app;
			};
			name = Release;
		};
/* End XCBuildConfiguration section */

/* Begin XCConfigurationList section */
		F456ECBB15EE018E00FCF3E2 /* Build configuration list for PBXProject "standstill" */ = {
			isa = XCConfigurationList;
			buildConfigurations = (
				F456EFBB15EE019300FCF3E2 /* Debug */,
				F456EFBC15EE019300FCF3E2 /* Release */,
			);
			defaultConfigurationIsVisible = 0;
			defaultConfigurationName = Release;
		};
		F456EFBD15EE019300FCF3E2 /* Build configuration list for PBXNativeTarget "standstill" */ = {
			isa = XCConfigurationList;
			buildConfigurations = (
				F456EFBE15EE019300FCF3E2 /* Debug */,
				F456EFBF15EE019300FCF3E2 /* Release */,
			);
			defaultConfigurationIsVisible = 0;
			defaultConfigurationName = Release;
		};
/* End XCConfigurationList section */
	};
	rootObject = F456ECB815EE018E00FCF3E2 /* Project object */;
}
